
Microsoft Visual Studio Solution File, Format Version 12.00
# Visual Studio 15
VisualStudioVersion = 15.0.28307.572
MinimumVisualStudioVersion = 10.0.40219.1
Project("{FAE04EC0-301F-11D3-BF4B-00C04F79EFBC}") = "Xamarin.Forms.ChangeLvSelectedColor.Android", "Xamarin.Forms.ChangeLvSelectedColor\Xamarin.Forms.ChangeLvSelectedColor.Android\Xamarin.Forms.ChangeLvSelectedColor.Android.csproj", "{C84917D8-DEB4-4606-87EE-CCC1F4474AC9}"
EndProject
Project("{FAE04EC0-301F-11D3-BF4B-00C04F79EFBC}") = "Xamarin.Forms.ChangeLvSelectedColor.iOS", "Xamarin.Forms.ChangeLvSelectedColor\Xamarin.Forms.ChangeLvSelectedColor.iOS\Xamarin.Forms.ChangeLvSelectedColor.iOS.csproj", "{DFA09A93-668A-465A-AE82-9F5D801D31FD}"
EndProject
Project("{FAE04EC0-301F-11D3-BF4B-00C04F79EFBC}") = "Xamarin.Forms.ChangeLvSelectedColor", "Xamarin.Forms.ChangeLvSelectedColor\Xamarin.Forms.ChangeLvSelectedColor\Xamarin.Forms.ChangeLvSelectedColor.csproj", "{8A72BF4F-D554-48CE-87B1-7E1E95234D8D}"
EndProject
Global
	GlobalSection(SolutionConfigurationPlatforms) = preSolution
		Ad-Hoc|Any CPU = Ad-Hoc|Any CPU
		Ad-Hoc|iPhone = Ad-Hoc|iPhone
		Ad-Hoc|iPhoneSimulator = Ad-Hoc|iPhoneSimulator
		AppStore|Any CPU = AppStore|Any CPU
		AppStore|iPhone = AppStore|iPhone
		AppStore|iPhoneSimulator = AppStore|iPhoneSimulator
		Debug|Any CPU = Debug|Any CPU
		Debug|iPhone = Debug|iPhone
		Debug|iPhoneSimulator = Debug|iPhoneSimulator
		Release|Any CPU = Release|Any CPU
		Release|iPhone = Release|iPhone
		Release|iPhoneSimulator = Release|iPhoneSimulator
	EndGlobalSection
	GlobalSection(ProjectConfigurationPlatforms) = postSolution
		{C84917D8-DEB4-4606-87EE-CCC1F4474AC9}.Ad-Hoc|Any CPU.ActiveCfg = Release|Any CPU
		{C84917D8-DEB4-4606-87EE-CCC1F4474AC9}.Ad-Hoc|Any CPU.Build.0 = Release|Any CPU
		{C84917D8-DEB4-4606-87EE-CCC1F4474AC9}.Ad-Hoc|Any CPU.Deploy.0 = Release|Any CPU
		{C84917D8-DEB4-4606-87EE-CCC1F4474AC9}.Ad-Hoc|iPhone.ActiveCfg = Release|Any CPU
		{C84917D8-DEB4-4606-87EE-CCC1F4474AC9}.Ad-Hoc|iPhone.Build.0 = Release|Any CPU
		{C84917D8-DEB4-4606-87EE-CCC1F4474AC9}.Ad-Hoc|iPhone.Deploy.0 = Release|Any CPU
		{C84917D8-DEB4-4606-87EE-CCC1F4474AC9}.Ad-Hoc|iPhoneSimulator.ActiveCfg = Release|Any CPU
		{C84917D8-DEB4-4606-87EE-CCC1F4474AC9}.Ad-Hoc|iPhoneSimulator.Build.0 = Release|Any CPU
		{C84917D8-DEB4-4606-87EE-CCC1F4474AC9}.Ad-Hoc|iPhoneSimulator.Deploy.0 = Release|Any CPU
		{C84917D8-DEB4-4606-87EE-CCC1F4474AC9}.AppStore|Any CPU.ActiveCfg = Release|Any CPU
		{C84917D8-DEB4-4606-87EE-CCC1F4474AC9}.AppStore|Any CPU.Build.0 = Release|Any CPU
		{C84917D8-DEB4-4606-87EE-CCC1F4474AC9}.AppStore|Any CPU.Deploy.0 = Release|Any CPU
		{C84917D8-DEB4-4606-87EE-CCC1F4474AC9}.AppStore|iPhone.ActiveCfg = Release|Any CPU
		{C84917D8-DEB4-4606-87EE-CCC1F4474AC9}.AppStore|iPhone.Build.0 = Release|Any CPU
		{C84917D8-DEB4-4606-87EE-CCC1F4474AC9}.AppStore|iPhone.Deploy.0 = Release|Any CPU
		{C84917D8-DEB4-4606-87EE-CCC1F4474AC9}.AppStore|iPhoneSimulator.ActiveCfg = Release|Any CPU
		{C84917D8-DEB4-4606-87EE-CCC1F4474AC9}.AppStore|iPhoneSimulator.Build.0 = Release|Any CPU
		{C84917D8-DEB4-4606-87EE-CCC1F4474AC9}.AppStore|iPhoneSimulator.Deploy.0 = Release|Any CPU
		{C84917D8-DEB4-4606-87EE-CCC1F4474AC9}.Debug|Any CPU.ActiveCfg = Debug|Any CPU
		{C84917D8-DEB4-4606-87EE-CCC1F4474AC9}.Debug|Any CPU.Build.0 = Debug|Any CPU
		{C84917D8-DEB4-4606-87EE-CCC1F4474AC9}.Debug|Any CPU.Deploy.0 = Debug|Any CPU
		{C84917D8-DEB4-4606-87EE-CCC1F4474AC9}.Debug|iPhone.ActiveCfg = Debug|Any CPU
		{C84917D8-DEB4-4606-87EE-CCC1F4474AC9}.Debug|iPhone.Build.0 = Debug|Any CPU
		{C84917D8-DEB4-4606-87EE-CCC1F4474AC9}.Debug|iPhone.Deploy.0 = Debug|Any CPU
		{C84917D8-DEB4-4606-87EE-CCC1F4474AC9}.Debug|iPhoneSimulator.ActiveCfg = Debug|Any CPU
		{C84917D8-DEB4-4606-87EE-CCC1F4474AC9}.Debug|iPhoneSimulator.Build.0 = Debug|Any CPU
		{C84917D8-DEB4-4606-87EE-CCC1F4474AC9}.Debug|iPhoneSimulator.Deploy.0 = Debug|Any CPU
		{C84917D8-DEB4-4606-87EE-CCC1F4474AC9}.Release|Any CPU.ActiveCfg = Release|Any CPU
		{C84917D8-DEB4-4606-87EE-CCC1F4474AC9}.Release|Any CPU.Build.0 = Release|Any CPU
		{C84917D8-DEB4-4606-87EE-CCC1F4474AC9}.Release|Any CPU.Deploy.0 = Release|Any CPU
		{C84917D8-DEB4-4606-87EE-CCC1F4474AC9}.Release|iPhone.ActiveCfg = Release|Any CPU
		{C84917D8-DEB4-4606-87EE-CCC1F4474AC9}.Release|iPhone.Build.0 = Release|Any CPU
		{C84917D8-DEB4-4606-87EE-CCC1F4474AC9}.Release|iPhone.Deploy.0 = Release|Any CPU
		{C84917D8-DEB4-4606-87EE-CCC1F4474AC9}.Release|iPhoneSimulator.ActiveCfg = Release|Any CPU
		{C84917D8-DEB4-4606-87EE-CCC1F4474AC9}.Release|iPhoneSimulator.Build.0 = Release|Any CPU
		{C84917D8-DEB4-4606-87EE-CCC1F4474AC9}.Release|iPhoneSimulator.Deploy.0 = Release|Any CPU
		{DFA09A93-668A-465A-AE82-9F5D801D31FD}.Ad-Hoc|Any CPU.ActiveCfg = Ad-Hoc|iPhone
		{DFA09A93-668A-465A-AE82-9F5D801D31FD}.Ad-Hoc|Any CPU.Build.0 = Ad-Hoc|iPhone
		{DFA09A93-668A-465A-AE82-9F5D801D31FD}.Ad-Hoc|Any CPU.Deploy.0 = Ad-Hoc|iPhone
		{DFA09A93-668A-465A-AE82-9F5D801D31FD}.Ad-Hoc|iPhone.ActiveCfg = Ad-Hoc|iPhone
		{DFA09A93-668A-465A-AE82-9F5D801D31FD}.Ad-Hoc|iPhone.Build.0 = Ad-Hoc|iPhone
		{DFA09A93-668A-465A-AE82-9F5D801D31FD}.Ad-Hoc|iPhone.Deploy.0 = Ad-Hoc|iPhone
		{DFA09A93-668A-465A-AE82-9F5D801D31FD}.Ad-Hoc|iPhoneSimulator.ActiveCfg = Ad-Hoc|iPhoneSimulator
		{DFA09A93-668A-465A-AE82-9F5D801D31FD}.Ad-Hoc|iPhoneSimulator.Build.0 = Ad-Hoc|iPhoneSimulator
		{DFA09A93-668A-465A-AE82-9F5D801D31FD}.Ad-Hoc|iPhoneSimulator.Deploy.0 = Ad-Hoc|iPhoneSimulator
		{DFA09A93-668A-465A-AE82-9F5D801D31FD}.AppStore|Any CPU.ActiveCfg = AppStore|iPhone
		{DFA09A93-668A-465A-AE82-9F5D801D31FD}.AppStore|Any CPU.Build.0 = AppStore|iPhone
		{DFA09A93-668A-465A-AE82-9F5D801D31FD}.AppStore|Any CPU.Deploy.0 = AppStore|iPhone
		{DFA09A93-668A-465A-AE82-9F5D801D31FD}.AppStore|iPhone.ActiveCfg = AppStore|iPhone
		{DFA09A93-668A-465A-AE82-9F5D801D31FD}.AppStore|iPhone.Build.0 = AppStore|iPhone
		{DFA09A93-668A-465A-AE82-9F5D801D31FD}.AppStore|iPhone.Deploy.0 = AppStore|iPhone
		{DFA09A93-668A-465A-AE82-9F5D801D31FD}.AppStore|iPhoneSimulator.ActiveCfg = AppStore|iPhoneSimulator
		{DFA09A93-668A-465A-AE82-9F5D801D31FD}.AppStore|iPhoneSimulator.Build.0 = AppStore|iPhoneSimulator
		{DFA09A93-668A-465A-AE82-9F5D801D31FD}.AppStore|iPhoneSimulator.Deploy.0 = AppStore|iPhoneSimulator
		{DFA09A93-668A-465A-AE82-9F5D801D31FD}.Debug|Any CPU.ActiveCfg = Debug|iPhoneSimulator
		{DFA09A93-668A-465A-AE82-9F5D801D31FD}.Debug|Any CPU.Build.0 = Debug|iPhoneSimulator
		{DFA09A93-668A-465A-AE82-9F5D801D31FD}.Debug|Any CPU.Deploy.0 = Debug|iPhoneSimulator
		{DFA09A93-668A-465A-AE82-9F5D801D31FD}.Debug|iPhone.ActiveCfg = Debug|iPhone
		{DFA09A93-668A-465A-AE82-9F5D801D31FD}.Debug|iPhone.Build.0 = Debug|iPhone
		{DFA09A93-668A-465A-AE82-9F5D801D31FD}.Debug|iPhone.Deploy.0 = Debug|iPhone
		{DFA09A93-668A-465A-AE82-9F5D801D31FD}.Debug|iPhoneSimulator.ActiveCfg = Debug|iPhoneSimulator
		{DFA09A93-668A-465A-AE82-9F5D801D31FD}.Debug|iPhoneSimulator.Build.0 = Debug|iPhoneSimulator
		{DFA09A93-668A-465A-AE82-9F5D801D31FD}.Debug|iPhoneSimulator.Deploy.0 = Debug|iPhoneSimulator
		{DFA09A93-668A-465A-AE82-9F5D801D31FD}.Release|Any CPU.ActiveCfg = Release|iPhone
		{DFA09A93-668A-465A-AE82-9F5D801D31FD}.Release|Any CPU.Build.0 = Release|iPhone
		{DFA09A93-668A-465A-AE82-9F5D801D31FD}.Release|Any CPU.Deploy.0 = Release|iPhone
		{DFA09A93-668A-465A-AE82-9F5D801D31FD}.Release|iPhone.ActiveCfg = Release|iPhone
		{DFA09A93-668A-465A-AE82-9F5D801D31FD}.Release|iPhone.Build.0 = Release|iPhone
		{DFA09A93-668A-465A-AE82-9F5D801D31FD}.Release|iPhone.Deploy.0 = Release|iPhone
		{DFA09A93-668A-465A-AE82-9F5D801D31FD}.Release|iPhoneSimulator.ActiveCfg = Release|iPhoneSimulator
		{DFA09A93-668A-465A-AE82-9F5D801D31FD}.Release|iPhoneSimulator.Build.0 = Release|iPhoneSimulator
		{DFA09A93-668A-465A-AE82-9F5D801D31FD}.Release|iPhoneSimulator.Deploy.0 = Release|iPhoneSimulator
		{8A72BF4F-D554-48CE-87B1-7E1E95234D8D}.Ad-Hoc|Any CPU.ActiveCfg = Debug|Any CPU
		{8A72BF4F-D554-48CE-87B1-7E1E95234D8D}.Ad-Hoc|Any CPU.Build.0 = Debug|Any CPU
		{8A72BF4F-D554-48CE-87B1-7E1E95234D8D}.Ad-Hoc|Any CPU.Deploy.0 = Debug|Any CPU
		{8A72BF4F-D554-48CE-87B1-7E1E95234D8D}.Ad-Hoc|iPhone.ActiveCfg = Debug|Any CPU
		{8A72BF4F-D554-48CE-87B1-7E1E95234D8D}.Ad-Hoc|iPhone.Build.0 = Debug|Any CPU
		{8A72BF4F-D554-48CE-87B1-7E1E95234D8D}.Ad-Hoc|iPhone.Deploy.0 = Debug|Any CPU
		{8A72BF4F-D554-48CE-87B1-7E1E95234D8D}.Ad-Hoc|iPhoneSimulator.ActiveCfg = Debug|Any CPU
		{8A72BF4F-D554-48CE-87B1-7E1E95234D8D}.Ad-Hoc|iPhoneSimulator.Build.0 = Debug|Any CPU
		{8A72BF4F-D554-48CE-87B1-7E1E95234D8D}.Ad-Hoc|iPhoneSimulator.Deploy.0 = Debug|Any CPU
		{8A72BF4F-D554-48CE-87B1-7E1E95234D8D}.AppStore|Any CPU.ActiveCfg = Debug|Any CPU
		{8A72BF4F-D554-48CE-87B1-7E1E95234D8D}.AppStore|Any CPU.Build.0 = Debug|Any CPU
		{8A72BF4F-D554-48CE-87B1-7E1E95234D8D}.AppStore|Any CPU.Deploy.0 = Debug|Any CPU
		{8A72BF4F-D554-48CE-87B1-7E1E95234D8D}.AppStore|iPhone.ActiveCfg = Debug|Any CPU
		{8A72BF4F-D554-48CE-87B1-7E1E95234D8D}.AppStore|iPhone.Build.0 = Debug|Any CPU
		{8A72BF4F-D554-48CE-87B1-7E1E95234D8D}.AppStore|iPhone.Deploy.0 = Debug|Any CPU
		{8A72BF4F-D554-48CE-87B1-7E1E95234D8D}.AppStore|iPhoneSimulator.ActiveCfg = Debug|Any CPU
		{8A72BF4F-D554-48CE-87B1-7E1E95234D8D}.AppStore|iPhoneSimulator.Build.0 = Debug|Any CPU
		{8A72BF4F-D554-48CE-87B1-7E1E95234D8D}.AppStore|iPhoneSimulator.Deploy.0 = Debug|Any CPU
		{8A72BF4F-D554-48CE-87B1-7E1E95234D8D}.Debug|Any CPU.ActiveCfg = Debug|Any CPU
		{8A72BF4F-D554-48CE-87B1-7E1E95234D8D}.Debug|Any CPU.Build.0 = Debug|Any CPU
		{8A72BF4F-D554-48CE-87B1-7E1E95234D8D}.Debug|Any CPU.Deploy.0 = Debug|Any CPU
		{8A72BF4F-D554-48CE-87B1-7E1E95234D8D}.Debug|iPhone.ActiveCfg = Debug|Any CPU
		{8A72BF4F-D554-48CE-87B1-7E1E95234D8D}.Debug|iPhone.Build.0 = Debug|Any CPU
		{8A72BF4F-D554-48CE-87B1-7E1E95234D8D}.Debug|iPhone.Deploy.0 = Debug|Any CPU
		{8A72BF4F-D554-48CE-87B1-7E1E95234D8D}.Debug|iPhoneSimulator.ActiveCfg = Debug|Any CPU
		{8A72BF4F-D554-48CE-87B1-7E1E95234D8D}.Debug|iPhoneSimulator.Build.0 = Debug|Any CPU
		{8A72BF4F-D554-48CE-87B1-7E1E95234D8D}.Debug|iPhoneSimulator.Deploy.0 = Debug|Any CPU
		{8A72BF4F-D554-48CE-87B1-7E1E95234D8D}.Release|Any CPU.ActiveCfg = Release|Any CPU
		{8A72BF4F-D554-48CE-87B1-7E1E95234D8D}.Release|Any CPU.Build.0 = Release|Any CPU
		{8A72BF4F-D554-48CE-87B1-7E1E95234D8D}.Release|Any CPU.Deploy.0 = Release|Any CPU
		{8A72BF4F-D554-48CE-87B1-7E1E95234D8D}.Release|iPhone.ActiveCfg = Release|Any CPU
		{8A72BF4F-D554-48CE-87B1-7E1E95234D8D}.Release|iPhone.Build.0 = Release|Any CPU
		{8A72BF4F-D554-48CE-87B1-7E1E95234D8D}.Release|iPhone.Deploy.0 = Release|Any CPU
		{8A72BF4F-D554-48CE-87B1-7E1E95234D8D}.Release|iPhoneSimulator.ActiveCfg = Release|Any CPU
		{8A72BF4F-D554-48CE-87B1-7E1E95234D8D}.Release|iPhoneSimulator.Build.0 = Release|Any CPU
		{8A72BF4F-D554-48CE-87B1-7E1E95234D8D}.Release|iPhoneSimulator.Deploy.0 = Release|Any CPU
	EndGlobalSection
	GlobalSection(SolutionProperties) = preSolution
		HideSolutionNode = FALSE
	EndGlobalSection
	GlobalSection(ExtensibilityGlobals) = postSolution
		SolutionGuid = {EA0A03D2-2921-49D7-B9CE-73FBE0BE2702}
	EndGlobalSection
EndGlobal
